// !$*UTF8*$!
{
	archiveVersion = 1;
	classes = {
	};
	objectVersion = 50;
	objects = {

/* Begin PBXBuildFile section */
		07201C8426900030003E9B93 /* DetailWeatherViewController.swift in Sources */ = {isa = PBXBuildFile; fileRef = 07201C8326900030003E9B93 /* DetailWeatherViewController.swift */; };
		07201C87269009B6003E9B93 /* WeatherPageItemViewController.swift in Sources */ = {isa = PBXBuildFile; fileRef = 07201C86269009B6003E9B93 /* WeatherPageItemViewController.swift */; };
		075F980F268C622900C881B6 /* AppDelegate.swift in Sources */ = {isa = PBXBuildFile; fileRef = 075F980E268C622900C881B6 /* AppDelegate.swift */; };
		075F9811268C622900C881B6 /* SceneDelegate.swift in Sources */ = {isa = PBXBuildFile; fileRef = 075F9810268C622900C881B6 /* SceneDelegate.swift */; };
		075F9816268C622900C881B6 /* Main.storyboard in Resources */ = {isa = PBXBuildFile; fileRef = 075F9814268C622900C881B6 /* Main.storyboard */; };
		075F9818268C623100C881B6 /* Assets.xcassets in Resources */ = {isa = PBXBuildFile; fileRef = 075F9817268C623100C881B6 /* Assets.xcassets */; };
		075F981B268C623100C881B6 /* LaunchScreen.storyboard in Resources */ = {isa = PBXBuildFile; fileRef = 075F9819268C623100C881B6 /* LaunchScreen.storyboard */; };
		075F9827268D543D00C881B6 /* WeatherListViewController.swift in Sources */ = {isa = PBXBuildFile; fileRef = 075F9826268D543D00C881B6 /* WeatherListViewController.swift */; };
		075F982B268D810500C881B6 /* CitySearchViewController.swift in Sources */ = {isa = PBXBuildFile; fileRef = 075F982A268D810500C881B6 /* CitySearchViewController.swift */; };
		075F9830268D8C6000C881B6 /* CitySearchManager.swift in Sources */ = {isa = PBXBuildFile; fileRef = 075F982F268D8C6000C881B6 /* CitySearchManager.swift */; };
		075F9834268D8FD800C881B6 /* CityViewModel.swift in Sources */ = {isa = PBXBuildFile; fileRef = 075F9833268D8FD800C881B6 /* CityViewModel.swift */; };
		075F9839268DC7B400C881B6 /* Extenstions.swift in Sources */ = {isa = PBXBuildFile; fileRef = 075F9838268DC7B400C881B6 /* Extenstions.swift */; };
		075F983E268DC8FA00C881B6 /* SeachedCityCell.swift in Sources */ = {isa = PBXBuildFile; fileRef = 075F983D268DC8FA00C881B6 /* SeachedCityCell.swift */; };
		075F9843268DDDA300C881B6 /* CityDataModel.swift in Sources */ = {isa = PBXBuildFile; fileRef = 075F9842268DDDA300C881B6 /* CityDataModel.swift */; };
		075F9869268EBB6700C881B6 /* WeatherViewModel.swift in Sources */ = {isa = PBXBuildFile; fileRef = 075F9868268EBB6700C881B6 /* WeatherViewModel.swift */; };
		075F986C268EE9A200C881B6 /* WeatherAPI.swift in Sources */ = {isa = PBXBuildFile; fileRef = 075F986B268EE9A200C881B6 /* WeatherAPI.swift */; };
		075F9876268F070D00C881B6 /* Storage.swift in Sources */ = {isa = PBXBuildFile; fileRef = 075F9875268F070D00C881B6 /* Storage.swift */; };
		07BFB6262691FB7D00BCAA51 /* HourlyItemView.swift in Sources */ = {isa = PBXBuildFile; fileRef = 07BFB6252691FB7D00BCAA51 /* HourlyItemView.swift */; };
		07CF46BD2693E93600CBE144 /* HTTPClient.swift in Sources */ = {isa = PBXBuildFile; fileRef = 07CF46BC2693E93600CBE144 /* HTTPClient.swift */; };
		07CF46C1269432B900CBE144 /* DailyItemView.swift in Sources */ = {isa = PBXBuildFile; fileRef = 07CF46C0269432B900CBE144 /* DailyItemView.swift */; };
		07CF46C426947FCA00CBE144 /* DetailItemView.swift in Sources */ = {isa = PBXBuildFile; fileRef = 07CF46C326947FCA00CBE144 /* DetailItemView.swift */; };
/* End PBXBuildFile section */

/* Begin PBXFileReference section */
		07201C8326900030003E9B93 /* DetailWeatherViewController.swift */ = {isa = PBXFileReference; lastKnownFileType = sourcecode.swift; path = DetailWeatherViewController.swift; sourceTree = "<group>"; };
		07201C86269009B6003E9B93 /* WeatherPageItemViewController.swift */ = {isa = PBXFileReference; lastKnownFileType = sourcecode.swift; path = WeatherPageItemViewController.swift; sourceTree = "<group>"; };
		075F980B268C622900C881B6 /* WeatherApp.app */ = {isa = PBXFileReference; explicitFileType = wrapper.application; includeInIndex = 0; path = WeatherApp.app; sourceTree = BUILT_PRODUCTS_DIR; };
		075F980E268C622900C881B6 /* AppDelegate.swift */ = {isa = PBXFileReference; lastKnownFileType = sourcecode.swift; path = AppDelegate.swift; sourceTree = "<group>"; };
		075F9810268C622900C881B6 /* SceneDelegate.swift */ = {isa = PBXFileReference; lastKnownFileType = sourcecode.swift; path = SceneDelegate.swift; sourceTree = "<group>"; };
		075F9815268C622900C881B6 /* Base */ = {isa = PBXFileReference; lastKnownFileType = file.storyboard; name = Base; path = Base.lproj/Main.storyboard; sourceTree = "<group>"; };
		075F9817268C623100C881B6 /* Assets.xcassets */ = {isa = PBXFileReference; lastKnownFileType = folder.assetcatalog; path = Assets.xcassets; sourceTree = "<group>"; };
		075F981A268C623100C881B6 /* Base */ = {isa = PBXFileReference; lastKnownFileType = file.storyboard; name = Base; path = Base.lproj/LaunchScreen.storyboard; sourceTree = "<group>"; };
		075F981C268C623100C881B6 /* Info.plist */ = {isa = PBXFileReference; lastKnownFileType = text.plist.xml; path = Info.plist; sourceTree = "<group>"; };
		075F9826268D543D00C881B6 /* WeatherListViewController.swift */ = {isa = PBXFileReference; lastKnownFileType = sourcecode.swift; path = WeatherListViewController.swift; sourceTree = "<group>"; };
		075F982A268D810500C881B6 /* CitySearchViewController.swift */ = {isa = PBXFileReference; lastKnownFileType = sourcecode.swift; path = CitySearchViewController.swift; sourceTree = "<group>"; };
		075F982F268D8C6000C881B6 /* CitySearchManager.swift */ = {isa = PBXFileReference; lastKnownFileType = sourcecode.swift; path = CitySearchManager.swift; sourceTree = "<group>"; };
		075F9833268D8FD800C881B6 /* CityViewModel.swift */ = {isa = PBXFileReference; lastKnownFileType = sourcecode.swift; path = CityViewModel.swift; sourceTree = "<group>"; };
		075F9838268DC7B400C881B6 /* Extenstions.swift */ = {isa = PBXFileReference; lastKnownFileType = sourcecode.swift; path = Extenstions.swift; sourceTree = "<group>"; };
		075F983D268DC8FA00C881B6 /* SeachedCityCell.swift */ = {isa = PBXFileReference; lastKnownFileType = sourcecode.swift; path = SeachedCityCell.swift; sourceTree = "<group>"; };
		075F9842268DDDA300C881B6 /* CityDataModel.swift */ = {isa = PBXFileReference; lastKnownFileType = sourcecode.swift; path = CityDataModel.swift; sourceTree = "<group>"; };
		075F9868268EBB6700C881B6 /* WeatherViewModel.swift */ = {isa = PBXFileReference; lastKnownFileType = sourcecode.swift; path = WeatherViewModel.swift; sourceTree = "<group>"; };
		075F986B268EE9A200C881B6 /* WeatherAPI.swift */ = {isa = PBXFileReference; lastKnownFileType = sourcecode.swift; path = WeatherAPI.swift; sourceTree = "<group>"; };
		075F9875268F070D00C881B6 /* Storage.swift */ = {isa = PBXFileReference; lastKnownFileType = sourcecode.swift; path = Storage.swift; sourceTree = "<group>"; };
		07BFB6252691FB7D00BCAA51 /* HourlyItemView.swift */ = {isa = PBXFileReference; lastKnownFileType = sourcecode.swift; path = HourlyItemView.swift; sourceTree = "<group>"; };
		07CF46BC2693E93600CBE144 /* HTTPClient.swift */ = {isa = PBXFileReference; lastKnownFileType = sourcecode.swift; path = HTTPClient.swift; sourceTree = "<group>"; };
		07CF46C0269432B900CBE144 /* DailyItemView.swift */ = {isa = PBXFileReference; lastKnownFileType = sourcecode.swift; path = DailyItemView.swift; sourceTree = "<group>"; };
		07CF46C326947FCA00CBE144 /* DetailItemView.swift */ = {isa = PBXFileReference; lastKnownFileType = sourcecode.swift; path = DetailItemView.swift; sourceTree = "<group>"; };
/* End PBXFileReference section */

/* Begin PBXFrameworksBuildPhase section */
		075F9808268C622900C881B6 /* Frameworks */ = {
			isa = PBXFrameworksBuildPhase;
			buildActionMask = 2147483647;
			files = (
			);
			runOnlyForDeploymentPostprocessing = 0;
		};
/* End PBXFrameworksBuildPhase section */

/* Begin PBXGroup section */
		07201C82268FFFF1003E9B93 /* DetailWeather */ = {
			isa = PBXGroup;
			children = (
				07201C8326900030003E9B93 /* DetailWeatherViewController.swift */,
				07201C86269009B6003E9B93 /* WeatherPageItemViewController.swift */,
				07BFB6252691FB7D00BCAA51 /* HourlyItemView.swift */,
				07CF46C0269432B900CBE144 /* DailyItemView.swift */,
				07CF46C326947FCA00CBE144 /* DetailItemView.swift */,
			);
			path = DetailWeather;
			sourceTree = "<group>";
		};
		075F9802268C622900C881B6 = {
			isa = PBXGroup;
			children = (
				075F980D268C622900C881B6 /* WeatherApp */,
				075F980C268C622900C881B6 /* Products */,
			);
			sourceTree = "<group>";
		};
		075F980C268C622900C881B6 /* Products */ = {
			isa = PBXGroup;
			children = (
				075F980B268C622900C881B6 /* WeatherApp.app */,
			);
			name = Products;
			sourceTree = "<group>";
		};
		075F980D268C622900C881B6 /* WeatherApp */ = {
			isa = PBXGroup;
			children = (
				075F981C268C623100C881B6 /* Info.plist */,
				075F982D268D812300C881B6 /* CitySearch */,
				07201C82268FFFF1003E9B93 /* DetailWeather */,
				075F986E268EEBAB00C881B6 /* Network */,
				075F9867268EBB5100C881B6 /* WeatherList */,
				075F9841268DDD9000C881B6 /* DataModel */,
				075F986F268EEBC900C881B6 /* Resources */,
				075F983B268DC7BB00C881B6 /* Util */,
			);
			path = WeatherApp;
			sourceTree = "<group>";
		};
		075F982D268D812300C881B6 /* CitySearch */ = {
			isa = PBXGroup;
			children = (
				075F982A268D810500C881B6 /* CitySearchViewController.swift */,
				075F9833268D8FD800C881B6 /* CityViewModel.swift */,
				075F983D268DC8FA00C881B6 /* SeachedCityCell.swift */,
			);
			path = CitySearch;
			sourceTree = "<group>";
		};
		075F983B268DC7BB00C881B6 /* Util */ = {
			isa = PBXGroup;
			children = (
				075F9838268DC7B400C881B6 /* Extenstions.swift */,
				075F9875268F070D00C881B6 /* Storage.swift */,
			);
			path = Util;
			sourceTree = "<group>";
		};
		075F9841268DDD9000C881B6 /* DataModel */ = {
			isa = PBXGroup;
			children = (
				075F9842268DDDA300C881B6 /* CityDataModel.swift */,
			);
			path = DataModel;
			sourceTree = "<group>";
		};
		075F9867268EBB5100C881B6 /* WeatherList */ = {
			isa = PBXGroup;
			children = (
				075F9826268D543D00C881B6 /* WeatherListViewController.swift */,
				075F9868268EBB6700C881B6 /* WeatherViewModel.swift */,
			);
			path = WeatherList;
			sourceTree = "<group>";
		};
		075F986E268EEBAB00C881B6 /* Network */ = {
			isa = PBXGroup;
			children = (
				075F986B268EE9A200C881B6 /* WeatherAPI.swift */,
				075F982F268D8C6000C881B6 /* CitySearchManager.swift */,
				07CF46BC2693E93600CBE144 /* HTTPClient.swift */,
			);
			path = Network;
			sourceTree = "<group>";
		};
		075F986F268EEBC900C881B6 /* Resources */ = {
			isa = PBXGroup;
			children = (
				075F980E268C622900C881B6 /* AppDelegate.swift */,
				075F9810268C622900C881B6 /* SceneDelegate.swift */,
				075F9817268C623100C881B6 /* Assets.xcassets */,
				075F9814268C622900C881B6 /* Main.storyboard */,
				075F9819268C623100C881B6 /* LaunchScreen.storyboard */,
			);
			path = Resources;
			sourceTree = "<group>";
		};
/* End PBXGroup section */

/* Begin PBXNativeTarget section */
		075F980A268C622900C881B6 /* WeatherApp */ = {
			isa = PBXNativeTarget;
			buildConfigurationList = 075F981F268C623100C881B6 /* Build configuration list for PBXNativeTarget "WeatherApp" */;
			buildPhases = (
				075F9807268C622900C881B6 /* Sources */,
				075F9808268C622900C881B6 /* Frameworks */,
				075F9809268C622900C881B6 /* Resources */,
			);
			buildRules = (
			);
			dependencies = (
			);
			name = WeatherApp;
			productName = WeatherApp;
			productReference = 075F980B268C622900C881B6 /* WeatherApp.app */;
			productType = "com.apple.product-type.application";
		};
/* End PBXNativeTarget section */

/* Begin PBXProject section */
		075F9803268C622900C881B6 /* Project object */ = {
			isa = PBXProject;
			attributes = {
				LastSwiftUpdateCheck = 1240;
				LastUpgradeCheck = 1240;
				TargetAttributes = {
					075F980A268C622900C881B6 = {
						CreatedOnToolsVersion = 12.4;
					};
				};
			};
			buildConfigurationList = 075F9806268C622900C881B6 /* Build configuration list for PBXProject "WeatherApp" */;
			compatibilityVersion = "Xcode 9.3";
			developmentRegion = en;
			hasScannedForEncodings = 0;
			knownRegions = (
				en,
				Base,
			);
			mainGroup = 075F9802268C622900C881B6;
			productRefGroup = 075F980C268C622900C881B6 /* Products */;
			projectDirPath = "";
			projectRoot = "";
			targets = (
				075F980A268C622900C881B6 /* WeatherApp */,
			);
		};
/* End PBXProject section */

/* Begin PBXResourcesBuildPhase section */
		075F9809268C622900C881B6 /* Resources */ = {
			isa = PBXResourcesBuildPhase;
			buildActionMask = 2147483647;
			files = (
				075F981B268C623100C881B6 /* LaunchScreen.storyboard in Resources */,
				075F9818268C623100C881B6 /* Assets.xcassets in Resources */,
				075F9816268C622900C881B6 /* Main.storyboard in Resources */,
			);
			runOnlyForDeploymentPostprocessing = 0;
		};
/* End PBXResourcesBuildPhase section */

/* Begin PBXSourcesBuildPhase section */
		075F9807268C622900C881B6 /* Sources */ = {
			isa = PBXSourcesBuildPhase;
			buildActionMask = 2147483647;
			files = (
				075F986C268EE9A200C881B6 /* WeatherAPI.swift in Sources */,
				075F9827268D543D00C881B6 /* WeatherListViewController.swift in Sources */,
				07CF46C426947FCA00CBE144 /* DetailItemView.swift in Sources */,
				07CF46C1269432B900CBE144 /* DailyItemView.swift in Sources */,
				07CF46BD2693E93600CBE144 /* HTTPClient.swift in Sources */,
				075F983E268DC8FA00C881B6 /* SeachedCityCell.swift in Sources */,
				075F9834268D8FD800C881B6 /* CityViewModel.swift in Sources */,
				075F9839268DC7B400C881B6 /* Extenstions.swift in Sources */,
				075F9876268F070D00C881B6 /* Storage.swift in Sources */,
				075F980F268C622900C881B6 /* AppDelegate.swift in Sources */,
				075F9811268C622900C881B6 /* SceneDelegate.swift in Sources */,
				075F9830268D8C6000C881B6 /* CitySearchManager.swift in Sources */,
				07201C87269009B6003E9B93 /* WeatherPageItemViewController.swift in Sources */,
				07201C8426900030003E9B93 /* DetailWeatherViewController.swift in Sources */,
				07BFB6262691FB7D00BCAA51 /* HourlyItemView.swift in Sources */,
				075F982B268D810500C881B6 /* CitySearchViewController.swift in Sources */,
				075F9843268DDDA300C881B6 /* CityDataModel.swift in Sources */,
				075F9869268EBB6700C881B6 /* WeatherViewModel.swift in Sources */,
			);
			runOnlyForDeploymentPostprocessing = 0;
		};
/* End PBXSourcesBuildPhase section */

/* Begin PBXVariantGroup section */
		075F9814268C622900C881B6 /* Main.storyboard */ = {
			isa = PBXVariantGroup;
			children = (
				075F9815268C622900C881B6 /* Base */,
			);
			name = Main.storyboard;
			sourceTree = "<group>";
		};
		075F9819268C623100C881B6 /* LaunchScreen.storyboard */ = {
			isa = PBXVariantGroup;
			children = (
				075F981A268C623100C881B6 /* Base */,
			);
			name = LaunchScreen.storyboard;
			sourceTree = "<group>";
		};
/* End PBXVariantGroup section */

/* Begin XCBuildConfiguration section */
		075F981D268C623100C881B6 /* Debug */ = {
			isa = XCBuildConfiguration;
			buildSettings = {
				ALWAYS_SEARCH_USER_PATHS = NO;
				CLANG_ANALYZER_NONNULL = YES;
				CLANG_ANALYZER_NUMBER_OBJECT_CONVERSION = YES_AGGRESSIVE;
				CLANG_CXX_LANGUAGE_STANDARD = "gnu++14";
				CLANG_CXX_LIBRARY = "libc++";
				CLANG_ENABLE_MODULES = YES;
				CLANG_ENABLE_OBJC_ARC = YES;
				CLANG_ENABLE_OBJC_WEAK = YES;
				CLANG_WARN_BLOCK_CAPTURE_AUTORELEASING = YES;
				CLANG_WARN_BOOL_CONVERSION = YES;
				CLANG_WARN_COMMA = YES;
				CLANG_WARN_CONSTANT_CONVERSION = YES;
				CLANG_WARN_DEPRECATED_OBJC_IMPLEMENTATIONS = YES;
				CLANG_WARN_DIRECT_OBJC_ISA_USAGE = YES_ERROR;
				CLANG_WARN_DOCUMENTATION_COMMENTS = YES;
				CLANG_WARN_EMPTY_BODY = YES;
				CLANG_WARN_ENUM_CONVERSION = YES;
				CLANG_WARN_INFINITE_RECURSION = YES;
				CLANG_WARN_INT_CONVERSION = YES;
				CLANG_WARN_NON_LITERAL_NULL_CONVERSION = YES;
				CLANG_WARN_OBJC_IMPLICIT_RETAIN_SELF = YES;
				CLANG_WARN_OBJC_LITERAL_CONVERSION = YES;
				CLANG_WARN_OBJC_ROOT_CLASS = YES_ERROR;
				CLANG_WARN_QUOTED_INCLUDE_IN_FRAMEWORK_HEADER = YES;
				CLANG_WARN_RANGE_LOOP_ANALYSIS = YES;
				CLANG_WARN_STRICT_PROTOTYPES = YES;
				CLANG_WARN_SUSPICIOUS_MOVE = YES;
				CLANG_WARN_UNGUARDED_AVAILABILITY = YES_AGGRESSIVE;
				CLANG_WARN_UNREACHABLE_CODE = YES;
				CLANG_WARN__DUPLICATE_METHOD_MATCH = YES;
				COPY_PHASE_STRIP = NO;
				DEBUG_INFORMATION_FORMAT = dwarf;
				ENABLE_STRICT_OBJC_MSGSEND = YES;
				ENABLE_TESTABILITY = YES;
				GCC_C_LANGUAGE_STANDARD = gnu11;
				GCC_DYNAMIC_NO_PIC = NO;
				GCC_NO_COMMON_BLOCKS = YES;
				GCC_OPTIMIZATION_LEVEL = 0;
				GCC_PREPROCESSOR_DEFINITIONS = (
					"DEBUG=1",
					"$(inherited)",
				);
				GCC_WARN_64_TO_32_BIT_CONVERSION = YES;
				GCC_WARN_ABOUT_RETURN_TYPE = YES_ERROR;
				GCC_WARN_UNDECLARED_SELECTOR = YES;
				GCC_WARN_UNINITIALIZED_AUTOS = YES_AGGRESSIVE;
				GCC_WARN_UNUSED_FUNCTION = YES;
				GCC_WARN_UNUSED_VARIABLE = YES;
				IPHONEOS_DEPLOYMENT_TARGET = 14.4;
				MTL_ENABLE_DEBUG_INFO = INCLUDE_SOURCE;
				MTL_FAST_MATH = YES;
				ONLY_ACTIVE_ARCH = YES;
				SDKROOT = iphoneos;
				SWIFT_ACTIVE_COMPILATION_CONDITIONS = DEBUG;
				SWIFT_OPTIMIZATION_LEVEL = "-Onone";
			};
			name = Debug;
		};
		075F981E268C623100C881B6 /* Release */ = {
			isa = XCBuildConfiguration;
			buildSettings = {
				ALWAYS_SEARCH_USER_PATHS = NO;
				CLANG_ANALYZER_NONNULL = YES;
				CLANG_ANALYZER_NUMBER_OBJECT_CONVERSION = YES_AGGRESSIVE;
				CLANG_CXX_LANGUAGE_STANDARD = "gnu++14";
				CLANG_CXX_LIBRARY = "libc++";
				CLANG_ENABLE_MODULES = YES;
				CLANG_ENABLE_OBJC_ARC = YES;
				CLANG_ENABLE_OBJC_WEAK = YES;
				CLANG_WARN_BLOCK_CAPTURE_AUTORELEASING = YES;
				CLANG_WARN_BOOL_CONVERSION = YES;
				CLANG_WARN_COMMA = YES;
				CLANG_WARN_CONSTANT_CONVERSION = YES;
				CLANG_WARN_DEPRECATED_OBJC_IMPLEMENTATIONS = YES;
				CLANG_WARN_DIRECT_OBJC_ISA_USAGE = YES_ERROR;
				CLANG_WARN_DOCUMENTATION_COMMENTS = YES;
				CLANG_WARN_EMPTY_BODY = YES;
				CLANG_WARN_ENUM_CONVERSION = YES;
				CLANG_WARN_INFINITE_RECURSION = YES;
				CLANG_WARN_INT_CONVERSION = YES;
				CLANG_WARN_NON_LITERAL_NULL_CONVERSION = YES;
				CLANG_WARN_OBJC_IMPLICIT_RETAIN_SELF = YES;
				CLANG_WARN_OBJC_LITERAL_CONVERSION = YES;
				CLANG_WARN_OBJC_ROOT_CLASS = YES_ERROR;
				CLANG_WARN_QUOTED_INCLUDE_IN_FRAMEWORK_HEADER = YES;
				CLANG_WARN_RANGE_LOOP_ANALYSIS = YES;
				CLANG_WARN_STRICT_PROTOTYPES = YES;
				CLANG_WARN_SUSPICIOUS_MOVE = YES;
				CLANG_WARN_UNGUARDED_AVAILABILITY = YES_AGGRESSIVE;
				CLANG_WARN_UNREACHABLE_CODE = YES;
				CLANG_WARN__DUPLICATE_METHOD_MATCH = YES;
				COPY_PHASE_STRIP = NO;
				DEBUG_INFORMATION_FORMAT = "dwarf-with-dsym";
				ENABLE_NS_ASSERTIONS = NO;
				ENABLE_STRICT_OBJC_MSGSEND = YES;
				GCC_C_LANGUAGE_STANDARD = gnu11;
				GCC_NO_COMMON_BLOCKS = YES;
				GCC_WARN_64_TO_32_BIT_CONVERSION = YES;
				GCC_WARN_ABOUT_RETURN_TYPE = YES_ERROR;
				GCC_WARN_UNDECLARED_SELECTOR = YES;
				GCC_WARN_UNINITIALIZED_AUTOS = YES_AGGRESSIVE;
				GCC_WARN_UNUSED_FUNCTION = YES;
				GCC_WARN_UNUSED_VARIABLE = YES;
				IPHONEOS_DEPLOYMENT_TARGET = 14.4;
				MTL_ENABLE_DEBUG_INFO = NO;
				MTL_FAST_MATH = YES;
				SDKROOT = iphoneos;
				SWIFT_COMPILATION_MODE = wholemodule;
				SWIFT_OPTIMIZATION_LEVEL = "-O";
				VALIDATE_PRODUCT = YES;
			};
			name = Release;
		};
		075F9820268C623100C881B6 /* Debug */ = {
			isa = XCBuildConfiguration;
			buildSettings = {
				ASSETCATALOG_COMPILER_APPICON_NAME = AppIcon;
				ASSETCATALOG_COMPILER_GLOBAL_ACCENT_COLOR_NAME = AccentColor;
				CODE_SIGN_STYLE = Automatic;
				DEVELOPMENT_TEAM = D68CBY8385;
				INFOPLIST_FILE = WeatherApp/Info.plist;
				IPHONEOS_DEPLOYMENT_TARGET = 13.0;
				LD_RUNPATH_SEARCH_PATHS = (
					"$(inherited)",
					"@executable_path/Frameworks",
				);
				PRODUCT_BUNDLE_IDENTIFIER = jade.WeatherApp;
				PRODUCT_NAME = "$(TARGET_NAME)";
				SWIFT_VERSION = 5.0;
				TARGETED_DEVICE_FAMILY = 1;
			};
			name = Debug;
		};
		075F9821268C623100C881B6 /* Release */ = {
			isa = XCBuildConfiguration;
			buildSettings = {
				ASSETCATALOG_COMPILER_APPICON_NAME = AppIcon;
				ASSETCATALOG_COMPILER_GLOBAL_ACCENT_COLOR_NAME = AccentColor;
				CODE_SIGN_STYLE = Automatic;
				DEVELOPMENT_TEAM = D68CBY8385;
				INFOPLIST_FILE = WeatherApp/Info.plist;
				IPHONEOS_DEPLOYMENT_TARGET = 13.0;
				LD_RUNPATH_SEARCH_PATHS = (
					"$(inherited)",
					"@executable_path/Frameworks",
				);
				PRODUCT_BUNDLE_IDENTIFIER = jade.WeatherApp;
				PRODUCT_NAME = "$(TARGET_NAME)";
				SWIFT_VERSION = 5.0;
				TARGETED_DEVICE_FAMILY = 1;
			};
			name = Release;
		};
/* End XCBuildConfiguration section */

/* Begin XCConfigurationList section */
		075F9806268C622900C881B6 /* Build configuration list for PBXProject "WeatherApp" */ = {
			isa = XCConfigurationList;
			buildConfigurations = (
				075F981D268C623100C881B6 /* Debug */,
				075F981E268C623100C881B6 /* Release */,
			);
			defaultConfigurationIsVisible = 0;
			defaultConfigurationName = Release;
		};
		075F981F268C623100C881B6 /* Build configuration list for PBXNativeTarget "WeatherApp" */ = {
			isa = XCConfigurationList;
			buildConfigurations = (
				075F9820268C623100C881B6 /* Debug */,
				075F9821268C623100C881B6 /* Release */,
			);
			defaultConfigurationIsVisible = 0;
			defaultConfigurationName = Release;
		};
/* End XCConfigurationList section */
	};
	rootObject = 075F9803268C622900C881B6 /* Project object */;
}
